// !$*UTF8*$!
{
	archiveVersion = 1;
	classes = {
	};
	objectVersion = 55;
	objects = {

/* Begin PBXBuildFile section */
		517A7AFE272FCF070026F463 /* AppDelegate.swift in Sources */ = {isa = PBXBuildFile; fileRef = 517A7AFD272FCF070026F463 /* AppDelegate.swift */; };
		517A7B00272FCF070026F463 /* SceneDelegate.swift in Sources */ = {isa = PBXBuildFile; fileRef = 517A7AFF272FCF070026F463 /* SceneDelegate.swift */; };
		517A7B02272FCF070026F463 /* ViewController.swift in Sources */ = {isa = PBXBuildFile; fileRef = 517A7B01272FCF070026F463 /* ViewController.swift */; };
		517A7B05272FCF070026F463 /* Main.storyboard in Resources */ = {isa = PBXBuildFile; fileRef = 517A7B03272FCF070026F463 /* Main.storyboard */; };
		517A7B07272FCF090026F463 /* Assets.xcassets in Resources */ = {isa = PBXBuildFile; fileRef = 517A7B06272FCF090026F463 /* Assets.xcassets */; };
		517A7B0A272FCF090026F463 /* LaunchScreen.storyboard in Resources */ = {isa = PBXBuildFile; fileRef = 517A7B08272FCF090026F463 /* LaunchScreen.storyboard */; };
		517A7B12272FE0020026F463 /* TableViewCell.xib in Resources */ = {isa = PBXBuildFile; fileRef = 517A7B11272FE0020026F463 /* TableViewCell.xib */; };
		517A7B14272FE0240026F463 /* TableViewCell.swift in Sources */ = {isa = PBXBuildFile; fileRef = 517A7B13272FE0240026F463 /* TableViewCell.swift */; };
/* End PBXBuildFile section */

/* Begin PBXFileReference section */
		517A7AFA272FCF070026F463 /* AlefDevelopment.app */ = {isa = PBXFileReference; explicitFileType = wrapper.application; includeInIndex = 0; path = AlefDevelopment.app; sourceTree = BUILT_PRODUCTS_DIR; };
		517A7AFD272FCF070026F463 /* AppDelegate.swift */ = {isa = PBXFileReference; lastKnownFileType = sourcecode.swift; path = AppDelegate.swift; sourceTree = "<group>"; };
		517A7AFF272FCF070026F463 /* SceneDelegate.swift */ = {isa = PBXFileReference; lastKnownFileType = sourcecode.swift; path = SceneDelegate.swift; sourceTree = "<group>"; };
		517A7B01272FCF070026F463 /* ViewController.swift */ = {isa = PBXFileReference; lastKnownFileType = sourcecode.swift; path = ViewController.swift; sourceTree = "<group>"; };
		517A7B04272FCF070026F463 /* Base */ = {isa = PBXFileReference; lastKnownFileType = file.storyboard; name = Base; path = Base.lproj/Main.storyboard; sourceTree = "<group>"; };
		517A7B06272FCF090026F463 /* Assets.xcassets */ = {isa = PBXFileReference; lastKnownFileType = folder.assetcatalog; path = Assets.xcassets; sourceTree = "<group>"; };
		517A7B09272FCF090026F463 /* Base */ = {isa = PBXFileReference; lastKnownFileType = file.storyboard; name = Base; path = Base.lproj/LaunchScreen.storyboard; sourceTree = "<group>"; };
		517A7B0B272FCF090026F463 /* Info.plist */ = {isa = PBXFileReference; lastKnownFileType = text.plist.xml; path = Info.plist; sourceTree = "<group>"; };
		517A7B11272FE0020026F463 /* TableViewCell.xib */ = {isa = PBXFileReference; lastKnownFileType = file.xib; path = TableViewCell.xib; sourceTree = "<group>"; };
		517A7B13272FE0240026F463 /* TableViewCell.swift */ = {isa = PBXFileReference; lastKnownFileType = sourcecode.swift; path = TableViewCell.swift; sourceTree = "<group>"; };
/* End PBXFileReference section */

/* Begin PBXFrameworksBuildPhase section */
		517A7AF7272FCF070026F463 /* Frameworks */ = {
			isa = PBXFrameworksBuildPhase;
			buildActionMask = 2147483647;
			files = (
			);
			runOnlyForDeploymentPostprocessing = 0;
		};
/* End PBXFrameworksBuildPhase section */

/* Begin PBXGroup section */
		517A7AF1272FCF070026F463 = {
			isa = PBXGroup;
			children = (
				517A7AFC272FCF070026F463 /* AlefDevelopment */,
				517A7AFB272FCF070026F463 /* Products */,
			);
			sourceTree = "<group>";
		};
		517A7AFB272FCF070026F463 /* Products */ = {
			isa = PBXGroup;
			children = (
				517A7AFA272FCF070026F463 /* AlefDevelopment.app */,
			);
			name = Products;
			sourceTree = "<group>";
		};
		517A7AFC272FCF070026F463 /* AlefDevelopment */ = {
			isa = PBXGroup;
			children = (
				517A7AFD272FCF070026F463 /* AppDelegate.swift */,
				517A7AFF272FCF070026F463 /* SceneDelegate.swift */,
				517A7B16272FE0380026F463 /* Model */,
				517A7B17272FE0420026F463 /* View */,
				517A7B18272FE04F0026F463 /* Controller */,
				517A7B06272FCF090026F463 /* Assets.xcassets */,
				517A7B08272FCF090026F463 /* LaunchScreen.storyboard */,
				517A7B0B272FCF090026F463 /* Info.plist */,
			);
			path = AlefDevelopment;
			sourceTree = "<group>";
		};
		517A7B15272FE02B0026F463 /* Cells */ = {
			isa = PBXGroup;
			children = (
				517A7B11272FE0020026F463 /* TableViewCell.xib */,
				517A7B13272FE0240026F463 /* TableViewCell.swift */,
			);
			path = Cells;
			sourceTree = "<group>";
		};
		517A7B16272FE0380026F463 /* Model */ = {
			isa = PBXGroup;
			children = (
			);
			path = Model;
			sourceTree = "<group>";
		};
		517A7B17272FE0420026F463 /* View */ = {
			isa = PBXGroup;
			children = (
				517A7B03272FCF070026F463 /* Main.storyboard */,
			);
			path = View;
			sourceTree = "<group>";
		};
		517A7B18272FE04F0026F463 /* Controller */ = {
			isa = PBXGroup;
			children = (
				517A7B01272FCF070026F463 /* ViewController.swift */,
				517A7B15272FE02B0026F463 /* Cells */,
			);
			path = Controller;
			sourceTree = "<group>";
		};
/* End PBXGroup section */

/* Begin PBXNativeTarget section */
		517A7AF9272FCF070026F463 /* AlefDevelopment */ = {
			isa = PBXNativeTarget;
			buildConfigurationList = 517A7B0E272FCF090026F463 /* Build configuration list for PBXNativeTarget "AlefDevelopment" */;
			buildPhases = (
				517A7AF6272FCF070026F463 /* Sources */,
				517A7AF7272FCF070026F463 /* Frameworks */,
				517A7AF8272FCF070026F463 /* Resources */,
			);
			buildRules = (
			);
			dependencies = (
			);
			name = AlefDevelopment;
			productName = AlefDevelopment;
			productReference = 517A7AFA272FCF070026F463 /* AlefDevelopment.app */;
			productType = "com.apple.product-type.application";
		};
/* End PBXNativeTarget section */

/* Begin PBXProject section */
		517A7AF2272FCF070026F463 /* Project object */ = {
			isa = PBXProject;
			attributes = {
				BuildIndependentTargetsInParallel = 1;
				LastSwiftUpdateCheck = 1310;
				LastUpgradeCheck = 1310;
				TargetAttributes = {
					517A7AF9272FCF070026F463 = {
						CreatedOnToolsVersion = 13.1;
					};
				};
			};
			buildConfigurationList = 517A7AF5272FCF070026F463 /* Build configuration list for PBXProject "AlefDevelopment" */;
			compatibilityVersion = "Xcode 13.0";
			developmentRegion = en;
			hasScannedForEncodings = 0;
			knownRegions = (
				en,
				Base,
			);
			mainGroup = 517A7AF1272FCF070026F463;
			productRefGroup = 517A7AFB272FCF070026F463 /* Products */;
			projectDirPath = "";
			projectRoot = "";
			targets = (
				517A7AF9272FCF070026F463 /* AlefDevelopment */,
			);
		};
/* End PBXProject section */

/* Begin PBXResourcesBuildPhase section */
		517A7AF8272FCF070026F463 /* Resources */ = {
			isa = PBXResourcesBuildPhase;
			buildActionMask = 2147483647;
			files = (
				517A7B0A272FCF090026F463 /* LaunchScreen.storyboard in Resources */,
				517A7B07272FCF090026F463 /* Assets.xcassets in Resources */,
				517A7B12272FE0020026F463 /* TableViewCell.xib in Resources */,
				517A7B05272FCF070026F463 /* Main.storyboard in Resources */,
			);
			runOnlyForDeploymentPostprocessing = 0;
		};
/* End PBXResourcesBuildPhase section */

/* Begin PBXSourcesBuildPhase section */
		517A7AF6272FCF070026F463 /* Sources */ = {
			isa = PBXSourcesBuildPhase;
			buildActionMask = 2147483647;
			files = (
				517A7B02272FCF070026F463 /* ViewController.swift in Sources */,
				517A7B14272FE0240026F463 /* TableViewCell.swift in Sources */,
				517A7AFE272FCF070026F463 /* AppDelegate.swift in Sources */,
				517A7B00272FCF070026F463 /* SceneDelegate.swift in Sources */,
			);
			runOnlyForDeploymentPostprocessing = 0;
		};
/* End PBXSourcesBuildPhase section */

/* Begin PBXVariantGroup section */
		517A7B03272FCF070026F463 /* Main.storyboard */ = {
			isa = PBXVariantGroup;
			children = (
				517A7B04272FCF070026F463 /* Base */,
			);
			name = Main.storyboard;
			sourceTree = "<group>";
		};
		517A7B08272FCF090026F463 /* LaunchScreen.storyboard */ = {
			isa = PBXVariantGroup;
			children = (
				517A7B09272FCF090026F463 /* Base */,
			);
			name = LaunchScreen.storyboard;
			sourceTree = "<group>";
		};
/* End PBXVariantGroup section */

/* Begin XCBuildConfiguration section */
		517A7B0C272FCF090026F463 /* Debug */ = {
			isa = XCBuildConfiguration;
			buildSettings = {
				ALWAYS_SEARCH_USER_PATHS = NO;
				CLANG_ANALYZER_NONNULL = YES;
				CLANG_ANALYZER_NUMBER_OBJECT_CONVERSION = YES_AGGRESSIVE;
				CLANG_CXX_LANGUAGE_STANDARD = "gnu++17";
				CLANG_CXX_LIBRARY = "libc++";
				CLANG_ENABLE_MODULES = YES;
				CLANG_ENABLE_OBJC_ARC = YES;
				CLANG_ENABLE_OBJC_WEAK = YES;
				CLANG_WARN_BLOCK_CAPTURE_AUTORELEASING = YES;
				CLANG_WARN_BOOL_CONVERSION = YES;
				CLANG_WARN_COMMA = YES;
				CLANG_WARN_CONSTANT_CONVERSION = YES;
				CLANG_WARN_DEPRECATED_OBJC_IMPLEMENTATIONS = YES;
				CLANG_WARN_DIRECT_OBJC_ISA_USAGE = YES_ERROR;
				CLANG_WARN_DOCUMENTATION_COMMENTS = YES;
				CLANG_WARN_EMPTY_BODY = YES;
				CLANG_WARN_ENUM_CONVERSION = YES;
				CLANG_WARN_INFINITE_RECURSION = YES;
				CLANG_WARN_INT_CONVERSION = YES;
				CLANG_WARN_NON_LITERAL_NULL_CONVERSION = YES;
				CLANG_WARN_OBJC_IMPLICIT_RETAIN_SELF = YES;
				CLANG_WARN_OBJC_LITERAL_CONVERSION = YES;
				CLANG_WARN_OBJC_ROOT_CLASS = YES_ERROR;
				CLANG_WARN_QUOTED_INCLUDE_IN_FRAMEWORK_HEADER = YES;
				CLANG_WARN_RANGE_LOOP_ANALYSIS = YES;
				CLANG_WARN_STRICT_PROTOTYPES = YES;
				CLANG_WARN_SUSPICIOUS_MOVE = YES;
				CLANG_WARN_UNGUARDED_AVAILABILITY = YES_AGGRESSIVE;
				CLANG_WARN_UNREACHABLE_CODE = YES;
				CLANG_WARN__DUPLICATE_METHOD_MATCH = YES;
				COPY_PHASE_STRIP = NO;
				DEBUG_INFORMATION_FORMAT = dwarf;
				ENABLE_STRICT_OBJC_MSGSEND = YES;
				ENABLE_TESTABILITY = YES;
				GCC_C_LANGUAGE_STANDARD = gnu11;
				GCC_DYNAMIC_NO_PIC = NO;
				GCC_NO_COMMON_BLOCKS = YES;
				GCC_OPTIMIZATION_LEVEL = 0;
				GCC_PREPROCESSOR_DEFINITIONS = (
					"DEBUG=1",
					"$(inherited)",
				);
				GCC_WARN_64_TO_32_BIT_CONVERSION = YES;
				GCC_WARN_ABOUT_RETURN_TYPE = YES_ERROR;
				GCC_WARN_UNDECLARED_SELECTOR = YES;
				GCC_WARN_UNINITIALIZED_AUTOS = YES_AGGRESSIVE;
				GCC_WARN_UNUSED_FUNCTION = YES;
				GCC_WARN_UNUSED_VARIABLE = YES;
				IPHONEOS_DEPLOYMENT_TARGET = 15.0;
				MTL_ENABLE_DEBUG_INFO = INCLUDE_SOURCE;
				MTL_FAST_MATH = YES;
				ONLY_ACTIVE_ARCH = YES;
				SDKROOT = iphoneos;
				SWIFT_ACTIVE_COMPILATION_CONDITIONS = DEBUG;
				SWIFT_OPTIMIZATION_LEVEL = "-Onone";
			};
			name = Debug;
		};
		517A7B0D272FCF090026F463 /* Release */ = {
			isa = XCBuildConfiguration;
			buildSettings = {
				ALWAYS_SEARCH_USER_PATHS = NO;
				CLANG_ANALYZER_NONNULL = YES;
				CLANG_ANALYZER_NUMBER_OBJECT_CONVERSION = YES_AGGRESSIVE;
				CLANG_CXX_LANGUAGE_STANDARD = "gnu++17";
				CLANG_CXX_LIBRARY = "libc++";
				CLANG_ENABLE_MODULES = YES;
				CLANG_ENABLE_OBJC_ARC = YES;
				CLANG_ENABLE_OBJC_WEAK = YES;
				CLANG_WARN_BLOCK_CAPTURE_AUTORELEASING = YES;
				CLANG_WARN_BOOL_CONVERSION = YES;
				CLANG_WARN_COMMA = YES;
				CLANG_WARN_CONSTANT_CONVERSION = YES;
				CLANG_WARN_DEPRECATED_OBJC_IMPLEMENTATIONS = YES;
				CLANG_WARN_DIRECT_OBJC_ISA_USAGE = YES_ERROR;
				CLANG_WARN_DOCUMENTATION_COMMENTS = YES;
				CLANG_WARN_EMPTY_BODY = YES;
				CLANG_WARN_ENUM_CONVERSION = YES;
				CLANG_WARN_INFINITE_RECURSION = YES;
				CLANG_WARN_INT_CONVERSION = YES;
				CLANG_WARN_NON_LITERAL_NULL_CONVERSION = YES;
				CLANG_WARN_OBJC_IMPLICIT_RETAIN_SELF = YES;
				CLANG_WARN_OBJC_LITERAL_CONVERSION = YES;
				CLANG_WARN_OBJC_ROOT_CLASS = YES_ERROR;
				CLANG_WARN_QUOTED_INCLUDE_IN_FRAMEWORK_HEADER = YES;
				CLANG_WARN_RANGE_LOOP_ANALYSIS = YES;
				CLANG_WARN_STRICT_PROTOTYPES = YES;
				CLANG_WARN_SUSPICIOUS_MOVE = YES;
				CLANG_WARN_UNGUARDED_AVAILABILITY = YES_AGGRESSIVE;
				CLANG_WARN_UNREACHABLE_CODE = YES;
				CLANG_WARN__DUPLICATE_METHOD_MATCH = YES;
				COPY_PHASE_STRIP = NO;
				DEBUG_INFORMATION_FORMAT = "dwarf-with-dsym";
				ENABLE_NS_ASSERTIONS = NO;
				ENABLE_STRICT_OBJC_MSGSEND = YES;
				GCC_C_LANGUAGE_STANDARD = gnu11;
				GCC_NO_COMMON_BLOCKS = YES;
				GCC_WARN_64_TO_32_BIT_CONVERSION = YES;
				GCC_WARN_ABOUT_RETURN_TYPE = YES_ERROR;
				GCC_WARN_UNDECLARED_SELECTOR = YES;
				GCC_WARN_UNINITIALIZED_AUTOS = YES_AGGRESSIVE;
				GCC_WARN_UNUSED_FUNCTION = YES;
				GCC_WARN_UNUSED_VARIABLE = YES;
				IPHONEOS_DEPLOYMENT_TARGET = 15.0;
				MTL_ENABLE_DEBUG_INFO = NO;
				MTL_FAST_MATH = YES;
				SDKROOT = iphoneos;
				SWIFT_COMPILATION_MODE = wholemodule;
				SWIFT_OPTIMIZATION_LEVEL = "-O";
				VALIDATE_PRODUCT = YES;
			};
			name = Release;
		};
		517A7B0F272FCF090026F463 /* Debug */ = {
			isa = XCBuildConfiguration;
			buildSettings = {
				ASSETCATALOG_COMPILER_APPICON_NAME = AppIcon;
				ASSETCATALOG_COMPILER_GLOBAL_ACCENT_COLOR_NAME = AccentColor;
				CODE_SIGN_STYLE = Automatic;
				CURRENT_PROJECT_VERSION = 1;
				DEVELOPMENT_TEAM = 95M96Z9FUT;
				GENERATE_INFOPLIST_FILE = YES;
				INFOPLIST_FILE = AlefDevelopment/Info.plist;
				INFOPLIST_KEY_UIApplicationSupportsIndirectInputEvents = YES;
				INFOPLIST_KEY_UILaunchStoryboardName = LaunchScreen;
				INFOPLIST_KEY_UIMainStoryboardFile = Main;
				INFOPLIST_KEY_UISupportedInterfaceOrientations_iPad = "UIInterfaceOrientationPortrait UIInterfaceOrientationPortraitUpsideDown UIInterfaceOrientationLandscapeLeft UIInterfaceOrientationLandscapeRight";
				INFOPLIST_KEY_UISupportedInterfaceOrientations_iPhone = "UIInterfaceOrientationPortrait UIInterfaceOrientationLandscapeLeft UIInterfaceOrientationLandscapeRight";
				LD_RUNPATH_SEARCH_PATHS = (
					"$(inherited)",
					"@executable_path/Frameworks",
				);
				MARKETING_VERSION = 1.0;
				PRODUCT_BUNDLE_IDENTIFIER = com.artdevelop.AlefDevelopment;
				PRODUCT_NAME = "$(TARGET_NAME)";
				SWIFT_EMIT_LOC_STRINGS = YES;
				SWIFT_VERSION = 5.0;
				TARGETED_DEVICE_FAMILY = "1,2";
			};
			name = Debug;
		};
		517A7B10272FCF090026F463 /* Release */ = {
			isa = XCBuildConfiguration;
			buildSettings = {
				ASSETCATALOG_COMPILER_APPICON_NAME = AppIcon;
				ASSETCATALOG_COMPILER_GLOBAL_ACCENT_COLOR_NAME = AccentColor;
				CODE_SIGN_STYLE = Automatic;
				CURRENT_PROJECT_VERSION = 1;
				DEVELOPMENT_TEAM = 95M96Z9FUT;
				GENERATE_INFOPLIST_FILE = YES;
				INFOPLIST_FILE = AlefDevelopment/Info.plist;
				INFOPLIST_KEY_UIApplicationSupportsIndirectInputEvents = YES;
				INFOPLIST_KEY_UILaunchStoryboardName = LaunchScreen;
				INFOPLIST_KEY_UIMainStoryboardFile = Main;
				INFOPLIST_KEY_UISupportedInterfaceOrientations_iPad = "UIInterfaceOrientationPortrait UIInterfaceOrientationPortraitUpsideDown UIInterfaceOrientationLandscapeLeft UIInterfaceOrientationLandscapeRight";
				INFOPLIST_KEY_UISupportedInterfaceOrientations_iPhone = "UIInterfaceOrientationPortrait UIInterfaceOrientationLandscapeLeft UIInterfaceOrientationLandscapeRight";
				LD_RUNPATH_SEARCH_PATHS = (
					"$(inherited)",
					"@executable_path/Frameworks",
				);
				MARKETING_VERSION = 1.0;
				PRODUCT_BUNDLE_IDENTIFIER = com.artdevelop.AlefDevelopment;
				PRODUCT_NAME = "$(TARGET_NAME)";
				SWIFT_EMIT_LOC_STRINGS = YES;
				SWIFT_VERSION = 5.0;
				TARGETED_DEVICE_FAMILY = "1,2";
			};
			name = Release;
		};
/* End XCBuildConfiguration section */

/* Begin XCConfigurationList section */
		517A7AF5272FCF070026F463 /* Build configuration list for PBXProject "AlefDevelopment" */ = {
			isa = XCConfigurationList;
			buildConfigurations = (
				517A7B0C272FCF090026F463 /* Debug */,
				517A7B0D272FCF090026F463 /* Release */,
			);
			defaultConfigurationIsVisible = 0;
			defaultConfigurationName = Release;
		};
		517A7B0E272FCF090026F463 /* Build configuration list for PBXNativeTarget "AlefDevelopment" */ = {
			isa = XCConfigurationList;
			buildConfigurations = (
				517A7B0F272FCF090026F463 /* Debug */,
				517A7B10272FCF090026F463 /* Release */,
			);
			defaultConfigurationIsVisible = 0;
			defaultConfigurationName = Release;
		};
/* End XCConfigurationList section */
	};
	rootObject = 517A7AF2272FCF070026F463 /* Project object */;
}
